
Microsoft Visual Studio Solution File, Format Version 12.00
# Visual Studio Version 17
VisualStudioVersion = 17.5.002.0
MinimumVisualStudioVersion = 10.0.40219.1
Project("{9A19103F-16F7-4668-BE54-9A1E7A4F7556}") = "PnP.PowerShell.ALC", "PnP.PowerShell.ALC.csproj", "{0BFB8F61-512F-405A-BC8A-7D2C804A5963}"
EndProject
Global
	GlobalSection(SolutionConfigurationPlatforms) = preSolution
		Debug|Any CPU = Debug|Any CPU
		Release|Any CPU = Release|Any CPU
	EndGlobalSection
	GlobalSection(ProjectConfigurationPlatforms) = postSolution
		{0BFB8F61-512F-405A-BC8A-7D2C804A5963}.Debug|Any CPU.ActiveCfg = Debug|Any CPU
		{0BFB8F61-512F-405A-BC8A-7D2C804A5963}.Debug|Any CPU.Build.0 = Debug|Any CPU
		{0BFB8F61-512F-405A-BC8A-7D2C804A5963}.Release|Any CPU.ActiveCfg = Release|Any CPU
		{0BFB8F61-512F-405A-BC8A-7D2C804A5963}.Release|Any CPU.Build.0 = Release|Any CPU
	EndGlobalSection
	GlobalSection(SolutionProperties) = preSolution
		HideSolutionNode = FALSE
	EndGlobalSection
	GlobalSection(ExtensibilityGlobals) = postSolution
		SolutionGuid = {B34EA9CD-BE09-4B3E-ADF7-CC08EB6BDA39}
	EndGlobalSection
EndGlobal
