
Microsoft Visual Studio Solution File, Format Version 12.00
# Visual Studio Version 16
VisualStudioVersion = 16.0.29926.136
MinimumVisualStudioVersion = 10.0.40219.1
Project("{9A19103F-16F7-4668-BE54-9A1E7A4F7556}") = "PnP.PowerShell", "Commands\PnP.PowerShell.csproj", "{F91159F1-31F8-47CF-B546-9487F9EF8426}"
EndProject
Project("{2150E333-8FDC-42A3-9474-1A3956D46DE8}") = "Scripts", "Scripts", "{55B21B7C-D936-4411-B03C-6030A7C826A1}"
	ProjectSection(SolutionItems) = preProject
		GenerateHelpFile.ps1 = GenerateHelpFile.ps1
		PostBuild.ps1 = PostBuild.ps1
	EndProjectSection
EndProject
Project("{2150E333-8FDC-42A3-9474-1A3956D46DE8}") = "Documentation", "Documentation", "{6D788265-F91C-4E2E-AEEE-23A012871023}"
	ProjectSection(SolutionItems) = preProject
		CHANGELOG.md = CHANGELOG.md
		CONTRIBUTING.md = CONTRIBUTING.md
		LICENSE = LICENSE
		README.md = README.md
		version.txt = version.txt
	EndProjectSection
EndProject
Project("{9A19103F-16F7-4668-BE54-9A1E7A4F7556}") = "PnP.PowerShell.ALC", "ALC\PnP.PowerShell.ALC.csproj", "{546A8F8C-AD8A-488D-98DB-5AB25CF9558B}"
EndProject
Global
	GlobalSection(SolutionConfigurationPlatforms) = preSolution
		Debug|Any CPU = Debug|Any CPU
		Release|Any CPU = Release|Any CPU
	EndGlobalSection
	GlobalSection(ProjectConfigurationPlatforms) = postSolution
		{F91159F1-31F8-47CF-B546-9487F9EF8426}.Debug|Any CPU.ActiveCfg = Debug|Any CPU
		{F91159F1-31F8-47CF-B546-9487F9EF8426}.Debug|Any CPU.Build.0 = Debug|Any CPU
		{F91159F1-31F8-47CF-B546-9487F9EF8426}.Release|Any CPU.ActiveCfg = Release|Any CPU
		{F91159F1-31F8-47CF-B546-9487F9EF8426}.Release|Any CPU.Build.0 = Release|Any CPU
		{546A8F8C-AD8A-488D-98DB-5AB25CF9558B}.Debug|Any CPU.ActiveCfg = Debug|Any CPU
		{546A8F8C-AD8A-488D-98DB-5AB25CF9558B}.Debug|Any CPU.Build.0 = Debug|Any CPU
		{546A8F8C-AD8A-488D-98DB-5AB25CF9558B}.Release|Any CPU.ActiveCfg = Release|Any CPU
		{546A8F8C-AD8A-488D-98DB-5AB25CF9558B}.Release|Any CPU.Build.0 = Release|Any CPU
	EndGlobalSection
	GlobalSection(SolutionProperties) = preSolution
		HideSolutionNode = FALSE
	EndGlobalSection
	GlobalSection(ExtensibilityGlobals) = postSolution
		SolutionGuid = {495CF3A6-935B-4797-9279-A32CB77DDB68}
	EndGlobalSection
EndGlobal
